
Microsoft Visual Studio Solution File, Format Version 12.00
# Visual Studio 15
VisualStudioVersion = 15.0.28307.572
MinimumVisualStudioVersion = 10.0.40219.1
Project("{FAE04EC0-301F-11D3-BF4B-00C04F79EFBC}") = "ShoppingListApi", "ShoppingListApi\ShoppingListApi.csproj", "{5E529F8D-C64E-43F7-A7C8-F64C2AF796ED}"
EndProject
Global
	GlobalSection(SolutionConfigurationPlatforms) = preSolution
		Debug|Any CPU = Debug|Any CPU
		Release|Any CPU = Release|Any CPU
	EndGlobalSection
	GlobalSection(ProjectConfigurationPlatforms) = postSolution
		{5E529F8D-C64E-43F7-A7C8-F64C2AF796ED}.Debug|Any CPU.ActiveCfg = Debug|Any CPU
		{5E529F8D-C64E-43F7-A7C8-F64C2AF796ED}.Debug|Any CPU.Build.0 = Debug|Any CPU
		{5E529F8D-C64E-43F7-A7C8-F64C2AF796ED}.Release|Any CPU.ActiveCfg = Release|Any CPU
		{5E529F8D-C64E-43F7-A7C8-F64C2AF796ED}.Release|Any CPU.Build.0 = Release|Any CPU
	EndGlobalSection
	GlobalSection(SolutionProperties) = preSolution
		HideSolutionNode = FALSE
	EndGlobalSection
	GlobalSection(ExtensibilityGlobals) = postSolution
		SolutionGuid = {486D2A51-5D30-446F-A0F3-320F90A30EFC}
	EndGlobalSection
EndGlobal
